{
  "version": 4,
  "terraform_version": "0.12.2",
  "serial": 5,
  "lineage": "4ae97e3f-e8b4-5cb6-b030-7026ce7b9b00",
  "outputs": {},
  "resources": [
    {
      "mode": "managed",
      "type": "aws_instance",
      "name": "dev",
      "each": "list",
      "provider": "provider.aws",
      "instances": [
        {
          "index_key": 0,
          "schema_version": 1,
          "attributes": {
            "ami": "ami-026c8acd92718196b",
            "arn": "arn:aws:ec2:us-east-1:069900007111:instance/i-0a9b28e4e468515e1",
            "associate_public_ip_address": true,
            "availability_zone": "us-east-1b",
            "cpu_core_count": 1,
            "cpu_threads_per_core": 1,
            "credit_specification": [
              {
                "cpu_credits": "standard"
              }
            ],
            "disable_api_termination": false,
            "ebs_block_device": [],
            "ebs_optimized": false,
            "ephemeral_block_device": [],
            "get_password_data": false,
            "host_id": null,
            "iam_instance_profile": "",
            "id": "i-0a9b28e4e468515e1",
            "instance_initiated_shutdown_behavior": null,
            "instance_state": "running",
            "instance_type": "t2.micro",
            "ipv6_address_count": 0,
            "ipv6_addresses": [],
            "key_name": "terraform-aws",
            "monitoring": false,
            "network_interface": [],
            "network_interface_id": null,
            "password_data": "",
            "placement_group": "",
            "primary_network_interface_id": "eni-0a2c4df2a3eb1601a",
            "private_dns": "ip-172-31-88-239.ec2.internal",
            "private_ip": "172.31.88.239",
            "public_dns": "ec2-3-95-188-69.compute-1.amazonaws.com",
            "public_ip": "3.95.188.69",
            "root_block_device": [
              {
                "delete_on_termination": true,
                "encrypted": false,
                "iops": 100,
                "kms_key_id": "",
                "volume_id": "vol-0aed545bf0aeb8238",
                "volume_size": 8,
                "volume_type": "gp2"
              }
            ],
            "security_groups": [
              "acesso-ssh"
            ],
            "source_dest_check": true,
            "subnet_id": "subnet-884d51a6",
            "tags": {
              "Name": "dev0"
            },
            "tenancy": "default",
            "timeouts": null,
            "user_data": null,
            "user_data_base64": null,
            "volume_tags": {},
            "vpc_security_group_ids": [
              "sg-02e0bc4590ba7731e"
            ]
          },
          "private": "eyJlMmJmYjczMC1lY2FhLTExZTYtOGY4OC0zNDM2M2JjN2M0YzAiOnsiY3JlYXRlIjo2MDAwMDAwMDAwMDAsImRlbGV0ZSI6MTIwMDAwMDAwMDAwMCwidXBkYXRlIjo2MDAwMDAwMDAwMDB9LCJzY2hlbWFfdmVyc2lvbiI6IjEifQ=="
        },
        {
          "index_key": 1,
          "schema_version": 1,
          "attributes": {
            "ami": "ami-026c8acd92718196b",
            "arn": "arn:aws:ec2:us-east-1:069900007111:instance/i-0c51dd7c2aeff86ff",
            "associate_public_ip_address": true,
            "availability_zone": "us-east-1b",
            "cpu_core_count": 1,
            "cpu_threads_per_core": 1,
            "credit_specification": [
              {
                "cpu_credits": "standard"
              }
            ],
            "disable_api_termination": false,
            "ebs_block_device": [],
            "ebs_optimized": false,
            "ephemeral_block_device": [],
            "get_password_data": false,
            "host_id": null,
            "iam_instance_profile": "",
            "id": "i-0c51dd7c2aeff86ff",
            "instance_initiated_shutdown_behavior": null,
            "instance_state": "running",
            "instance_type": "t2.micro",
            "ipv6_address_count": 0,
            "ipv6_addresses": [],
            "key_name": "terraform-aws",
            "monitoring": false,
            "network_interface": [],
            "network_interface_id": null,
            "password_data": "",
            "placement_group": "",
            "primary_network_interface_id": "eni-02176f3e766294537",
            "private_dns": "ip-172-31-85-80.ec2.internal",
            "private_ip": "172.31.85.80",
            "public_dns": "ec2-18-207-226-211.compute-1.amazonaws.com",
            "public_ip": "18.207.226.211",
            "root_block_device": [
              {
                "delete_on_termination": true,
                "encrypted": false,
                "iops": 100,
                "kms_key_id": "",
                "volume_id": "vol-047586aa26a6d6ca4",
                "volume_size": 8,
                "volume_type": "gp2"
              }
            ],
            "security_groups": [
              "acesso-ssh"
            ],
            "source_dest_check": true,
            "subnet_id": "subnet-884d51a6",
            "tags": {
              "Name": "dev1"
            },
            "tenancy": "default",
            "timeouts": null,
            "user_data": null,
            "user_data_base64": null,
            "volume_tags": {},
            "vpc_security_group_ids": [
              "sg-02e0bc4590ba7731e"
            ]
          },
          "private": "eyJlMmJmYjczMC1lY2FhLTExZTYtOGY4OC0zNDM2M2JjN2M0YzAiOnsiY3JlYXRlIjo2MDAwMDAwMDAwMDAsImRlbGV0ZSI6MTIwMDAwMDAwMDAwMCwidXBkYXRlIjo2MDAwMDAwMDAwMDB9LCJzY2hlbWFfdmVyc2lvbiI6IjEifQ=="
        },
        {
          "index_key": 2,
          "schema_version": 1,
          "attributes": {
            "ami": "ami-026c8acd92718196b",
            "arn": "arn:aws:ec2:us-east-1:069900007111:instance/i-0caab5b672331fdaa",
            "associate_public_ip_address": true,
            "availability_zone": "us-east-1b",
            "cpu_core_count": 1,
            "cpu_threads_per_core": 1,
            "credit_specification": [
              {
                "cpu_credits": "standard"
              }
            ],
            "disable_api_termination": false,
            "ebs_block_device": [],
            "ebs_optimized": false,
            "ephemeral_block_device": [],
            "get_password_data": false,
            "host_id": null,
            "iam_instance_profile": "",
            "id": "i-0caab5b672331fdaa",
            "instance_initiated_shutdown_behavior": null,
            "instance_state": "running",
            "instance_type": "t2.micro",
            "ipv6_address_count": 0,
            "ipv6_addresses": [],
            "key_name": "terraform-aws",
            "monitoring": false,
            "network_interface": [],
            "network_interface_id": null,
            "password_data": "",
            "placement_group": "",
            "primary_network_interface_id": "eni-08d07f208ed07d6db",
            "private_dns": "ip-172-31-91-197.ec2.internal",
            "private_ip": "172.31.91.197",
            "public_dns": "ec2-54-84-23-217.compute-1.amazonaws.com",
            "public_ip": "54.84.23.217",
            "root_block_device": [
              {
                "delete_on_termination": true,
                "encrypted": false,
                "iops": 100,
                "kms_key_id": "",
                "volume_id": "vol-090d7c5c1c884979b",
                "volume_size": 8,
                "volume_type": "gp2"
              }
            ],
            "security_groups": [
              "acesso-ssh"
            ],
            "source_dest_check": true,
            "subnet_id": "subnet-884d51a6",
            "tags": {
              "Name": "dev2"
            },
            "tenancy": "default",
            "timeouts": null,
            "user_data": null,
            "user_data_base64": null,
            "volume_tags": {},
            "vpc_security_group_ids": [
              "sg-02e0bc4590ba7731e"
            ]
          },
          "private": "eyJlMmJmYjczMC1lY2FhLTExZTYtOGY4OC0zNDM2M2JjN2M0YzAiOnsiY3JlYXRlIjo2MDAwMDAwMDAwMDAsImRlbGV0ZSI6MTIwMDAwMDAwMDAwMCwidXBkYXRlIjo2MDAwMDAwMDAwMDB9LCJzY2hlbWFfdmVyc2lvbiI6IjEifQ=="
        }
      ]
    },
    {
      "mode": "managed",
      "type": "aws_security_group",
      "name": "acesso-ssh",
      "provider": "provider.aws",
      "instances": [
        {
          "schema_version": 1,
          "attributes": {
            "arn": "arn:aws:ec2:us-east-1:069900007111:security-group/sg-02e0bc4590ba7731e",
            "description": "acesso-ssh",
            "egress": [],
            "id": "sg-02e0bc4590ba7731e",
            "ingress": [
              {
                "cidr_blocks": [
                  "152.249.144.237/32"
                ],
                "description": "",
                "from_port": 22,
                "ipv6_cidr_blocks": [],
                "prefix_list_ids": [],
                "protocol": "tcp",
                "security_groups": [],
                "self": false,
                "to_port": 22
              }
            ],
            "name": "acesso-ssh",
            "name_prefix": null,
            "owner_id": "069900007111",
            "revoke_rules_on_delete": false,
            "tags": {
              "Name": "ssh"
            },
            "timeouts": null,
            "vpc_id": "vpc-233c1e59"
          },
          "private": "eyJlMmJmYjczMC1lY2FhLTExZTYtOGY4OC0zNDM2M2JjN2M0YzAiOnsiY3JlYXRlIjo2MDAwMDAwMDAwMDAsImRlbGV0ZSI6NjAwMDAwMDAwMDAwfSwic2NoZW1hX3ZlcnNpb24iOiIxIn0="
        }
      ]
    }
  ]
}
